
Microsoft Visual Studio Solution File, Format Version 12.00
# Visual Studio Version 16
VisualStudioVersion = 16.0.28407.52
MinimumVisualStudioVersion = 10.0.40219.1
Project("{9A19103F-16F7-4668-BE54-9A1E7A4F7556}") = "FaviconApi", "FaviconApi\FaviconApi.csproj", "{A018D7E9-FE3C-4D52-B645-3D90B8A7358F}"
EndProject
Project("{2150E333-8FDC-42A3-9474-1A3956D46DE8}") = "Solution Items", "Solution Items", "{04280A07-EDE4-4B01-8B4A-F2CED7F453B7}"
	ProjectSection(SolutionItems) = preProject
		azure-pipelines.yml = azure-pipelines.yml
		Dockerfile = Dockerfile
		README.md = README.md
	EndProjectSection
EndProject
Project("{FAE04EC0-301F-11D3-BF4B-00C04F79EFBC}") = "FaviconApi.Tests", "FaviconApi.Tests\FaviconApi.Tests.csproj", "{47C2248E-E59E-4B70-9A4D-8295301C5658}"
EndProject
Global
	GlobalSection(SolutionConfigurationPlatforms) = preSolution
		Debug|Any CPU = Debug|Any CPU
		Release|Any CPU = Release|Any CPU
	EndGlobalSection
	GlobalSection(ProjectConfigurationPlatforms) = postSolution
		{A018D7E9-FE3C-4D52-B645-3D90B8A7358F}.Debug|Any CPU.ActiveCfg = Debug|Any CPU
		{A018D7E9-FE3C-4D52-B645-3D90B8A7358F}.Debug|Any CPU.Build.0 = Debug|Any CPU
		{A018D7E9-FE3C-4D52-B645-3D90B8A7358F}.Release|Any CPU.ActiveCfg = Release|Any CPU
		{A018D7E9-FE3C-4D52-B645-3D90B8A7358F}.Release|Any CPU.Build.0 = Release|Any CPU
		{47C2248E-E59E-4B70-9A4D-8295301C5658}.Debug|Any CPU.ActiveCfg = Debug|Any CPU
		{47C2248E-E59E-4B70-9A4D-8295301C5658}.Debug|Any CPU.Build.0 = Debug|Any CPU
		{47C2248E-E59E-4B70-9A4D-8295301C5658}.Release|Any CPU.ActiveCfg = Release|Any CPU
		{47C2248E-E59E-4B70-9A4D-8295301C5658}.Release|Any CPU.Build.0 = Release|Any CPU
	EndGlobalSection
	GlobalSection(SolutionProperties) = preSolution
		HideSolutionNode = FALSE
	EndGlobalSection
	GlobalSection(ExtensibilityGlobals) = postSolution
		SolutionGuid = {6DD7095E-78B5-4A4E-888F-AF289CD0FD66}
	EndGlobalSection
EndGlobal
